Microsoft Visual Studio Solution File, Format Version 12.00
# Visual Studio Version 16
VisualStudioVersion = 16.0.30804.86
MinimumVisualStudioVersion = 10.0.40219.1
Project("{9A19103F-16F7-4668-BE54-9A1E7A4F7556}") = "Yahi", "Yahi\Yahi.csproj", "{53E35E1A-9E97-4B85-8A3F-6E1A7622A6A3}"
EndProject
Project("{9A19103F-16F7-4668-BE54-9A1E7A4F7556}") = "TestApp", "TestApp\TestApp.csproj", "{58A63FF1-7A42-4BBB-A1AD-328D59E91D98}"
EndProject
Project("{2150E333-8FDC-42A3-9474-1A3956D46DE8}") = "SolutionItems", "SolutionItems", "{6150B420-0998-4CCE-BD04-A77A2B01394B}"
	ProjectSection(SolutionItems) = preProject
		CHANGELOG.MD = CHANGELOG.MD
		LICENSE = LICENSE
	EndProjectSection
EndProject
Project("{FAE04EC0-301F-11D3-BF4B-00C04F79EFBC}") = "UnitTests", "UnitTests\UnitTests.csproj", "{CC91BECF-2E1A-4BA9-91EE-BF363A58BB98}"
EndProject
Global
	GlobalSection(SolutionConfigurationPlatforms) = preSolution
		Debug|Any CPU = Debug|Any CPU
		Release|Any CPU = Release|Any CPU
	EndGlobalSection
	GlobalSection(ProjectConfigurationPlatforms) = postSolution
		{53E35E1A-9E97-4B85-8A3F-6E1A7622A6A3}.Debug|Any CPU.ActiveCfg = Debug|Any CPU
		{53E35E1A-9E97-4B85-8A3F-6E1A7622A6A3}.Debug|Any CPU.Build.0 = Debug|Any CPU
		{53E35E1A-9E97-4B85-8A3F-6E1A7622A6A3}.Release|Any CPU.ActiveCfg = Release|Any CPU
		{53E35E1A-9E97-4B85-8A3F-6E1A7622A6A3}.Release|Any CPU.Build.0 = Release|Any CPU
		{58A63FF1-7A42-4BBB-A1AD-328D59E91D98}.Debug|Any CPU.ActiveCfg = Debug|Any CPU
		{58A63FF1-7A42-4BBB-A1AD-328D59E91D98}.Debug|Any CPU.Build.0 = Debug|Any CPU
		{58A63FF1-7A42-4BBB-A1AD-328D59E91D98}.Release|Any CPU.ActiveCfg = Release|Any CPU
		{58A63FF1-7A42-4BBB-A1AD-328D59E91D98}.Release|Any CPU.Build.0 = Release|Any CPU
		{CC91BECF-2E1A-4BA9-91EE-BF363A58BB98}.Debug|Any CPU.ActiveCfg = Debug|Any CPU
		{CC91BECF-2E1A-4BA9-91EE-BF363A58BB98}.Debug|Any CPU.Build.0 = Debug|Any CPU
		{CC91BECF-2E1A-4BA9-91EE-BF363A58BB98}.Release|Any CPU.ActiveCfg = Release|Any CPU
		{CC91BECF-2E1A-4BA9-91EE-BF363A58BB98}.Release|Any CPU.Build.0 = Release|Any CPU
	EndGlobalSection
	GlobalSection(SolutionProperties) = preSolution
		HideSolutionNode = FALSE
	EndGlobalSection
	GlobalSection(ExtensibilityGlobals) = postSolution
		SolutionGuid = {7BB38DE2-F1CD-4582-8C48-BB38E19F7A74}
	EndGlobalSection
EndGlobal
